// !$*UTF8*$!
{
	archiveVersion = 1;
	classes = {
	};
	objectVersion = 50;
	objects = {

/* Begin PBXBuildFile section */
		38FB2A51271426F900C002F9 /* AppDelegate.swift in Sources */ = {isa = PBXBuildFile; fileRef = 38FB2A50271426F900C002F9 /* AppDelegate.swift */; };
		38FB2A53271426F900C002F9 /* SceneDelegate.swift in Sources */ = {isa = PBXBuildFile; fileRef = 38FB2A52271426F900C002F9 /* SceneDelegate.swift */; };
		38FB2A55271426F900C002F9 /* ViewController.swift in Sources */ = {isa = PBXBuildFile; fileRef = 38FB2A54271426F900C002F9 /* ViewController.swift */; };
		38FB2A58271426F900C002F9 /* Main.storyboard in Resources */ = {isa = PBXBuildFile; fileRef = 38FB2A56271426F900C002F9 /* Main.storyboard */; };
		38FB2A5B271426F900C002F9 /* DemoCookieCutter.xcdatamodeld in Sources */ = {isa = PBXBuildFile; fileRef = 38FB2A59271426F900C002F9 /* DemoCookieCutter.xcdatamodeld */; };
		38FB2A5D271426FA00C002F9 /* Assets.xcassets in Resources */ = {isa = PBXBuildFile; fileRef = 38FB2A5C271426FA00C002F9 /* Assets.xcassets */; };
		38FB2A60271426FA00C002F9 /* LaunchScreen.storyboard in Resources */ = {isa = PBXBuildFile; fileRef = 38FB2A5E271426FA00C002F9 /* LaunchScreen.storyboard */; };
		4DF077B6A6BD2B98BBF356F7 /* Pods____cookiecutter_project_name___.framework in Frameworks */ = {isa = PBXBuildFile; fileRef = 2941FDD9F5AEFA1B4C68C357 /* Pods____cookiecutter_project_name___.framework */; };
/* End PBXBuildFile section */

/* Begin PBXFileReference section */
		2690235200DCC88A770CBBE9 /* Pods-ConfigCI.release.xcconfig */ = {isa = PBXFileReference; includeInIndex = 1; lastKnownFileType = text.xcconfig; name = "Pods-ConfigCI.release.xcconfig"; path = "Target Support Files/Pods-ConfigCI/Pods-ConfigCI.release.xcconfig"; sourceTree = "<group>"; };
		2941FDD9F5AEFA1B4C68C357 /* Pods____cookiecutter_project_name___.framework */ = {isa = PBXFileReference; explicitFileType = wrapper.framework; includeInIndex = 0; path = Pods____cookiecutter_project_name___.framework; sourceTree = BUILT_PRODUCTS_DIR; };
		38FB2A4D271426F900C002F9 /* ConfigCIProject.app */ = {isa = PBXFileReference; explicitFileType = wrapper.application; includeInIndex = 0; path = "ConfigCIProject.app"; sourceTree = BUILT_PRODUCTS_DIR; };
		38FB2A50271426F900C002F9 /* AppDelegate.swift */ = {isa = PBXFileReference; lastKnownFileType = sourcecode.swift; path = AppDelegate.swift; sourceTree = "<group>"; };
		38FB2A52271426F900C002F9 /* SceneDelegate.swift */ = {isa = PBXFileReference; lastKnownFileType = sourcecode.swift; path = SceneDelegate.swift; sourceTree = "<group>"; };
		38FB2A54271426F900C002F9 /* ViewController.swift */ = {isa = PBXFileReference; lastKnownFileType = sourcecode.swift; path = ViewController.swift; sourceTree = "<group>"; };
		38FB2A57271426F900C002F9 /* Base */ = {isa = PBXFileReference; lastKnownFileType = file.storyboard; name = Base; path = Base.lproj/Main.storyboard; sourceTree = "<group>"; };
		38FB2A5A271426F900C002F9 /* DemoCookieCutter.xcdatamodel */ = {isa = PBXFileReference; lastKnownFileType = wrapper.xcdatamodel; path = DemoCookieCutter.xcdatamodel; sourceTree = "<group>"; };
		38FB2A5C271426FA00C002F9 /* Assets.xcassets */ = {isa = PBXFileReference; lastKnownFileType = folder.assetcatalog; path = Assets.xcassets; sourceTree = "<group>"; };
		38FB2A5F271426FA00C002F9 /* Base */ = {isa = PBXFileReference; lastKnownFileType = file.storyboard; name = Base; path = Base.lproj/LaunchScreen.storyboard; sourceTree = "<group>"; };
		38FB2A61271426FA00C002F9 /* Info.plist */ = {isa = PBXFileReference; lastKnownFileType = text.plist.xml; path = Info.plist; sourceTree = "<group>"; };
		568F692EEA45045817B3A52C /* Pods-ConfigCIProject.debug.xcconfig */ = {isa = PBXFileReference; includeInIndex = 1; lastKnownFileType = text.xcconfig; name = "Pods-ConfigCIProject.debug.xcconfig"; path = "Target Support Files/Pods-ConfigCIProject/Pods-ConfigCIProject.debug.xcconfig"; sourceTree = "<group>"; };
		899D322216DFA40EB171484B /* Pods-ConfigCI.debug.xcconfig */ = {isa = PBXFileReference; includeInIndex = 1; lastKnownFileType = text.xcconfig; name = "Pods-ConfigCI.debug.xcconfig"; path = "Target Support Files/Pods-ConfigCI/Pods-ConfigCI.debug.xcconfig"; sourceTree = "<group>"; };
		B3BC6F405CCF5D5A79D2D9EB /* Pods____cookiecutter_directory_name___.framework */ = {isa = PBXFileReference; explicitFileType = wrapper.framework; includeInIndex = 0; path = Pods____cookiecutter_directory_name___.framework; sourceTree = BUILT_PRODUCTS_DIR; };
		EDAE82E14D9B6B58EFBD633C /* Pods-ConfigCIProject.release.xcconfig */ = {isa = PBXFileReference; includeInIndex = 1; lastKnownFileType = text.xcconfig; name = "Pods-ConfigCIProject.release.xcconfig"; path = "Target Support Files/Pods-ConfigCIProject/Pods-ConfigCIProject.release.xcconfig"; sourceTree = "<group>"; };
/* End PBXFileReference section */

/* Begin PBXFrameworksBuildPhase section */
		38FB2A4A271426F900C002F9 /* Frameworks */ = {
			isa = PBXFrameworksBuildPhase;
			buildActionMask = 2147483647;
			files = (
				4DF077B6A6BD2B98BBF356F7 /* Pods____cookiecutter_project_name___.framework in Frameworks */,
			);
			runOnlyForDeploymentPostprocessing = 0;
		};
/* End PBXFrameworksBuildPhase section */

/* Begin PBXGroup section */
		38FB2A44271426F900C002F9 = {
			isa = PBXGroup;
			children = (
				38FB2A4F271426F900C002F9 /* ConfigCIProject */,
				38FB2A4E271426F900C002F9 /* Products */,
				BB24A243F465D32CEC5FEF56 /* Pods */,
				DBC8DECBE749F075F4A7FC59 /* Frameworks */,
			);
			sourceTree = "<group>";
		};
		38FB2A4E271426F900C002F9 /* Products */ = {
			isa = PBXGroup;
			children = (
				38FB2A4D271426F900C002F9 /* ConfigCIProject.app */,
			);
			name = Products;
			sourceTree = "<group>";
		};
		38FB2A4F271426F900C002F9 /* ConfigCIProject */ = {
			isa = PBXGroup;
			children = (
				38FB2A50271426F900C002F9 /* AppDelegate.swift */,
				38FB2A52271426F900C002F9 /* SceneDelegate.swift */,
				38FB2A54271426F900C002F9 /* ViewController.swift */,
				38FB2A56271426F900C002F9 /* Main.storyboard */,
				38FB2A5C271426FA00C002F9 /* Assets.xcassets */,
				38FB2A5E271426FA00C002F9 /* LaunchScreen.storyboard */,
				38FB2A61271426FA00C002F9 /* Info.plist */,
				38FB2A59271426F900C002F9 /* DemoCookieCutter.xcdatamodeld */,
			);
			path = "ConfigCIProject";
			sourceTree = "<group>";
		};
		BB24A243F465D32CEC5FEF56 /* Pods */ = {
			isa = PBXGroup;
			children = (
				899D322216DFA40EB171484B /* Pods-ConfigCI.debug.xcconfig */,
				2690235200DCC88A770CBBE9 /* Pods-ConfigCI.release.xcconfig */,
				568F692EEA45045817B3A52C /* Pods-ConfigCIProject.debug.xcconfig */,
				EDAE82E14D9B6B58EFBD633C /* Pods-ConfigCIProject.release.xcconfig */,
			);
			path = Pods;
			sourceTree = "<group>";
		};
		DBC8DECBE749F075F4A7FC59 /* Frameworks */ = {
			isa = PBXGroup;
			children = (
				B3BC6F405CCF5D5A79D2D9EB /* Pods____cookiecutter_directory_name___.framework */,
				2941FDD9F5AEFA1B4C68C357 /* Pods____cookiecutter_project_name___.framework */,
			);
			name = Frameworks;
			sourceTree = "<group>";
		};
/* End PBXGroup section */

/* Begin PBXNativeTarget section */
		38FB2A4C271426F900C002F9 /* ConfigCIProject */ = {
			isa = PBXNativeTarget;
			buildConfigurationList = 38FB2A64271426FA00C002F9 /* Build configuration list for PBXNativeTarget "ConfigCIProject" */;
			buildPhases = (
				719C40B12E6C68BE28026848 /* [CP] Check Pods Manifest.lock */,
				38FB2A49271426F900C002F9 /* Sources */,
				38FB2A4A271426F900C002F9 /* Frameworks */,
				38FB2A4B271426F900C002F9 /* Resources */,
			);
			buildRules = (
			);
			dependencies = (
			);
			name = "ConfigCIProject";
			productName = DemoCookieCutter;
			productReference = 38FB2A4D271426F900C002F9 /* ConfigCIProject.app */;
			productType = "com.apple.product-type.application";
		};
/* End PBXNativeTarget section */

/* Begin PBXProject section */
		38FB2A45271426F900C002F9 /* Project object */ = {
			isa = PBXProject;
			attributes = {
				LastSwiftUpdateCheck = 1250;
				LastUpgradeCheck = 1250;
				TargetAttributes = {
					38FB2A4C271426F900C002F9 = {
						CreatedOnToolsVersion = 12.5.1;
					};
				};
			};
			buildConfigurationList = 38FB2A48271426F900C002F9 /* Build configuration list for PBXProject "ConfigCIProject" */;
			compatibilityVersion = "Xcode 9.3";
			developmentRegion = en;
			hasScannedForEncodings = 0;
			knownRegions = (
				en,
				Base,
			);
			mainGroup = 38FB2A44271426F900C002F9;
			productRefGroup = 38FB2A4E271426F900C002F9 /* Products */;
			projectDirPath = "";
			projectRoot = "";
			targets = (
				38FB2A4C271426F900C002F9 /* ConfigCIProject */,
			);
		};
/* End PBXProject section */

/* Begin PBXResourcesBuildPhase section */
		38FB2A4B271426F900C002F9 /* Resources */ = {
			isa = PBXResourcesBuildPhase;
			buildActionMask = 2147483647;
			files = (
				38FB2A60271426FA00C002F9 /* LaunchScreen.storyboard in Resources */,
				38FB2A5D271426FA00C002F9 /* Assets.xcassets in Resources */,
				38FB2A58271426F900C002F9 /* Main.storyboard in Resources */,
			);
			runOnlyForDeploymentPostprocessing = 0;
		};
/* End PBXResourcesBuildPhase section */

/* Begin PBXShellScriptBuildPhase section */
		719C40B12E6C68BE28026848 /* [CP] Check Pods Manifest.lock */ = {
			isa = PBXShellScriptBuildPhase;
			buildActionMask = 2147483647;
			files = (
			);
			inputFileListPaths = (
			);
			inputPaths = (
				"${PODS_PODFILE_DIR_PATH}/Podfile.lock",
				"${PODS_ROOT}/Manifest.lock",
			);
			name = "[CP] Check Pods Manifest.lock";
			outputFileListPaths = (
			);
			outputPaths = (
				"$(DERIVED_FILE_DIR)/Pods-ConfigCIProject-checkManifestLockResult.txt",
			);
			runOnlyForDeploymentPostprocessing = 0;
			shellPath = /bin/sh;
			shellScript = "diff \"${PODS_PODFILE_DIR_PATH}/Podfile.lock\" \"${PODS_ROOT}/Manifest.lock\" > /dev/null\nif [ $? != 0 ] ; then\n    # print error to STDERR\n    echo \"error: The sandbox is not in sync with the Podfile.lock. Run 'pod install' or update your CocoaPods installation.\" >&2\n    exit 1\nfi\n# This output is used by Xcode 'outputs' to avoid re-running this script phase.\necho \"SUCCESS\" > \"${SCRIPT_OUTPUT_FILE_0}\"\n";
			showEnvVarsInLog = 0;
		};
/* End PBXShellScriptBuildPhase section */

/* Begin PBXSourcesBuildPhase section */
		38FB2A49271426F900C002F9 /* Sources */ = {
			isa = PBXSourcesBuildPhase;
			buildActionMask = 2147483647;
			files = (
				38FB2A55271426F900C002F9 /* ViewController.swift in Sources */,
				38FB2A51271426F900C002F9 /* AppDelegate.swift in Sources */,
				38FB2A53271426F900C002F9 /* SceneDelegate.swift in Sources */,
				38FB2A5B271426F900C002F9 /* DemoCookieCutter.xcdatamodeld in Sources */,
			);
			runOnlyForDeploymentPostprocessing = 0;
		};
/* End PBXSourcesBuildPhase section */

/* Begin PBXVariantGroup section */
		38FB2A56271426F900C002F9 /* Main.storyboard */ = {
			isa = PBXVariantGroup;
			children = (
				38FB2A57271426F900C002F9 /* Base */,
			);
			name = Main.storyboard;
			sourceTree = "<group>";
		};
		38FB2A5E271426FA00C002F9 /* LaunchScreen.storyboard */ = {
			isa = PBXVariantGroup;
			children = (
				38FB2A5F271426FA00C002F9 /* Base */,
			);
			name = LaunchScreen.storyboard;
			sourceTree = "<group>";
		};
/* End PBXVariantGroup section */

/* Begin XCBuildConfiguration section */
		38FB2A62271426FA00C002F9 /* Debug */ = {
			isa = XCBuildConfiguration;
			buildSettings = {
				ALWAYS_SEARCH_USER_PATHS = NO;
				CLANG_ANALYZER_NONNULL = YES;
				CLANG_ANALYZER_NUMBER_OBJECT_CONVERSION = YES_AGGRESSIVE;
				CLANG_CXX_LANGUAGE_STANDARD = "gnu++14";
				CLANG_CXX_LIBRARY = "libc++";
				CLANG_ENABLE_MODULES = YES;
				CLANG_ENABLE_OBJC_ARC = YES;
				CLANG_ENABLE_OBJC_WEAK = YES;
				CLANG_WARN_BLOCK_CAPTURE_AUTORELEASING = YES;
				CLANG_WARN_BOOL_CONVERSION = YES;
				CLANG_WARN_COMMA = YES;
				CLANG_WARN_CONSTANT_CONVERSION = YES;
				CLANG_WARN_DEPRECATED_OBJC_IMPLEMENTATIONS = YES;
				CLANG_WARN_DIRECT_OBJC_ISA_USAGE = YES_ERROR;
				CLANG_WARN_DOCUMENTATION_COMMENTS = YES;
				CLANG_WARN_EMPTY_BODY = YES;
				CLANG_WARN_ENUM_CONVERSION = YES;
				CLANG_WARN_INFINITE_RECURSION = YES;
				CLANG_WARN_INT_CONVERSION = YES;
				CLANG_WARN_NON_LITERAL_NULL_CONVERSION = YES;
				CLANG_WARN_OBJC_IMPLICIT_RETAIN_SELF = YES;
				CLANG_WARN_OBJC_LITERAL_CONVERSION = YES;
				CLANG_WARN_OBJC_ROOT_CLASS = YES_ERROR;
				CLANG_WARN_QUOTED_INCLUDE_IN_FRAMEWORK_HEADER = YES;
				CLANG_WARN_RANGE_LOOP_ANALYSIS = YES;
				CLANG_WARN_STRICT_PROTOTYPES = YES;
				CLANG_WARN_SUSPICIOUS_MOVE = YES;
				CLANG_WARN_UNGUARDED_AVAILABILITY = YES_AGGRESSIVE;
				CLANG_WARN_UNREACHABLE_CODE = YES;
				CLANG_WARN__DUPLICATE_METHOD_MATCH = YES;
				COPY_PHASE_STRIP = NO;
				DEBUG_INFORMATION_FORMAT = dwarf;
				ENABLE_STRICT_OBJC_MSGSEND = YES;
				ENABLE_TESTABILITY = YES;
				GCC_C_LANGUAGE_STANDARD = gnu11;
				GCC_DYNAMIC_NO_PIC = NO;
				GCC_NO_COMMON_BLOCKS = YES;
				GCC_OPTIMIZATION_LEVEL = 0;
				GCC_PREPROCESSOR_DEFINITIONS = (
					"DEBUG=1",
					"$(inherited)",
				);
				GCC_WARN_64_TO_32_BIT_CONVERSION = YES;
				GCC_WARN_ABOUT_RETURN_TYPE = YES_ERROR;
				GCC_WARN_UNDECLARED_SELECTOR = YES;
				GCC_WARN_UNINITIALIZED_AUTOS = YES_AGGRESSIVE;
				GCC_WARN_UNUSED_FUNCTION = YES;
				GCC_WARN_UNUSED_VARIABLE = YES;
				IPHONEOS_DEPLOYMENT_TARGET = 14.5;
				MTL_ENABLE_DEBUG_INFO = INCLUDE_SOURCE;
				MTL_FAST_MATH = YES;
				ONLY_ACTIVE_ARCH = YES;
				SDKROOT = iphoneos;
				SWIFT_ACTIVE_COMPILATION_CONDITIONS = DEBUG;
				SWIFT_OPTIMIZATION_LEVEL = "-Onone";
			};
			name = Debug;
		};
		38FB2A63271426FA00C002F9 /* Release */ = {
			isa = XCBuildConfiguration;
			buildSettings = {
				ALWAYS_SEARCH_USER_PATHS = NO;
				CLANG_ANALYZER_NONNULL = YES;
				CLANG_ANALYZER_NUMBER_OBJECT_CONVERSION = YES_AGGRESSIVE;
				CLANG_CXX_LANGUAGE_STANDARD = "gnu++14";
				CLANG_CXX_LIBRARY = "libc++";
				CLANG_ENABLE_MODULES = YES;
				CLANG_ENABLE_OBJC_ARC = YES;
				CLANG_ENABLE_OBJC_WEAK = YES;
				CLANG_WARN_BLOCK_CAPTURE_AUTORELEASING = YES;
				CLANG_WARN_BOOL_CONVERSION = YES;
				CLANG_WARN_COMMA = YES;
				CLANG_WARN_CONSTANT_CONVERSION = YES;
				CLANG_WARN_DEPRECATED_OBJC_IMPLEMENTATIONS = YES;
				CLANG_WARN_DIRECT_OBJC_ISA_USAGE = YES_ERROR;
				CLANG_WARN_DOCUMENTATION_COMMENTS = YES;
				CLANG_WARN_EMPTY_BODY = YES;
				CLANG_WARN_ENUM_CONVERSION = YES;
				CLANG_WARN_INFINITE_RECURSION = YES;
				CLANG_WARN_INT_CONVERSION = YES;
				CLANG_WARN_NON_LITERAL_NULL_CONVERSION = YES;
				CLANG_WARN_OBJC_IMPLICIT_RETAIN_SELF = YES;
				CLANG_WARN_OBJC_LITERAL_CONVERSION = YES;
				CLANG_WARN_OBJC_ROOT_CLASS = YES_ERROR;
				CLANG_WARN_QUOTED_INCLUDE_IN_FRAMEWORK_HEADER = YES;
				CLANG_WARN_RANGE_LOOP_ANALYSIS = YES;
				CLANG_WARN_STRICT_PROTOTYPES = YES;
				CLANG_WARN_SUSPICIOUS_MOVE = YES;
				CLANG_WARN_UNGUARDED_AVAILABILITY = YES_AGGRESSIVE;
				CLANG_WARN_UNREACHABLE_CODE = YES;
				CLANG_WARN__DUPLICATE_METHOD_MATCH = YES;
				COPY_PHASE_STRIP = NO;
				DEBUG_INFORMATION_FORMAT = "dwarf-with-dsym";
				ENABLE_NS_ASSERTIONS = NO;
				ENABLE_STRICT_OBJC_MSGSEND = YES;
				GCC_C_LANGUAGE_STANDARD = gnu11;
				GCC_NO_COMMON_BLOCKS = YES;
				GCC_WARN_64_TO_32_BIT_CONVERSION = YES;
				GCC_WARN_ABOUT_RETURN_TYPE = YES_ERROR;
				GCC_WARN_UNDECLARED_SELECTOR = YES;
				GCC_WARN_UNINITIALIZED_AUTOS = YES_AGGRESSIVE;
				GCC_WARN_UNUSED_FUNCTION = YES;
				GCC_WARN_UNUSED_VARIABLE = YES;
				IPHONEOS_DEPLOYMENT_TARGET = 14.5;
				MTL_ENABLE_DEBUG_INFO = NO;
				MTL_FAST_MATH = YES;
				SDKROOT = iphoneos;
				SWIFT_COMPILATION_MODE = wholemodule;
				SWIFT_OPTIMIZATION_LEVEL = "-O";
				VALIDATE_PRODUCT = YES;
			};
			name = Release;
		};
		38FB2A65271426FA00C002F9 /* Debug */ = {
			isa = XCBuildConfiguration;
			baseConfigurationReference = 568F692EEA45045817B3A52C /* Pods-ConfigCIProject.debug.xcconfig */;
			buildSettings = {
				ASSETCATALOG_COMPILER_APPICON_NAME = AppIcon;
				ASSETCATALOG_COMPILER_GLOBAL_ACCENT_COLOR_NAME = AccentColor;
				CODE_SIGN_STYLE = Automatic;
				DEVELOPMENT_TEAM = 49VJQXHTX6;
				INFOPLIST_FILE = "ConfigCIProject/Info.plist";
				LD_RUNPATH_SEARCH_PATHS = (
					"$(inherited)",
					"@executable_path/Frameworks",
				);
				PRODUCT_BUNDLE_IDENTIFIER = an.nguyen.DemoCookieCutter;
				PRODUCT_NAME = "$(TARGET_NAME)";
				SWIFT_VERSION = 5.0;
				TARGETED_DEVICE_FAMILY = "1,2";
			};
			name = Debug;
		};
		38FB2A66271426FA00C002F9 /* Release */ = {
			isa = XCBuildConfiguration;
			baseConfigurationReference = EDAE82E14D9B6B58EFBD633C /* Pods-ConfigCIProject.release.xcconfig */;
			buildSettings = {
				ASSETCATALOG_COMPILER_APPICON_NAME = AppIcon;
				ASSETCATALOG_COMPILER_GLOBAL_ACCENT_COLOR_NAME = AccentColor;
				CODE_SIGN_STYLE = Automatic;
				DEVELOPMENT_TEAM = 49VJQXHTX6;
				INFOPLIST_FILE = "ConfigCIProject/Info.plist";
				LD_RUNPATH_SEARCH_PATHS = (
					"$(inherited)",
					"@executable_path/Frameworks",
				);
				PRODUCT_BUNDLE_IDENTIFIER = an.nguyen.DemoCookieCutter;
				PRODUCT_NAME = "$(TARGET_NAME)";
				SWIFT_VERSION = 5.0;
				TARGETED_DEVICE_FAMILY = "1,2";
			};
			name = Release;
		};
/* End XCBuildConfiguration section */

/* Begin XCConfigurationList section */
		38FB2A48271426F900C002F9 /* Build configuration list for PBXProject "ConfigCIProject" */ = {
			isa = XCConfigurationList;
			buildConfigurations = (
				38FB2A62271426FA00C002F9 /* Debug */,
				38FB2A63271426FA00C002F9 /* Release */,
			);
			defaultConfigurationIsVisible = 0;
			defaultConfigurationName = Release;
		};
		38FB2A64271426FA00C002F9 /* Build configuration list for PBXNativeTarget "ConfigCIProject" */ = {
			isa = XCConfigurationList;
			buildConfigurations = (
				38FB2A65271426FA00C002F9 /* Debug */,
				38FB2A66271426FA00C002F9 /* Release */,
			);
			defaultConfigurationIsVisible = 0;
			defaultConfigurationName = Release;
		};
/* End XCConfigurationList section */

/* Begin XCVersionGroup section */
		38FB2A59271426F900C002F9 /* DemoCookieCutter.xcdatamodeld */ = {
			isa = XCVersionGroup;
			children = (
				38FB2A5A271426F900C002F9 /* DemoCookieCutter.xcdatamodel */,
			);
			currentVersion = 38FB2A5A271426F900C002F9 /* DemoCookieCutter.xcdatamodel */;
			path = DemoCookieCutter.xcdatamodeld;
			sourceTree = "<group>";
			versionGroupType = wrapper.xcdatamodel;
		};
/* End XCVersionGroup section */
	};
	rootObject = 38FB2A45271426F900C002F9 /* Project object */;
}
